// !$*UTF8*$!
{
	archiveVersion = 1;
	classes = {
	};
	objectVersion = 46;
	objects = {

/* Begin PBXBuildFile section */
		398ABCD014B6B5C400B62745 /* UIKit.framework in Frameworks */ = {isa = PBXBuildFile; fileRef = 398ABCCF14B6B5C400B62745 /* UIKit.framework */; };
		398ABCD214B6B5C400B62745 /* Foundation.framework in Frameworks */ = {isa = PBXBuildFile; fileRef = 398ABCD114B6B5C400B62745 /* Foundation.framework */; };
		398ABCD414B6B5C400B62745 /* CoreGraphics.framework in Frameworks */ = {isa = PBXBuildFile; fileRef = 398ABCD314B6B5C400B62745 /* CoreGraphics.framework */; };
		398ABCDA14B6B5C400B62745 /* InfoPlist.strings in Resources */ = {isa = PBXBuildFile; fileRef = 398ABCD814B6B5C400B62745 /* InfoPlist.strings */; };
		398ABCDC14B6B5C400B62745 /* main.m in Sources */ = {isa = PBXBuildFile; fileRef = 398ABCDB14B6B5C400B62745 /* main.m */; };
		398ABCE014B6B5C400B62745 /* HKAppDelegate.m in Sources */ = {isa = PBXBuildFile; fileRef = 398ABCDF14B6B5C400B62745 /* HKAppDelegate.m */; };
		398ABCE314B6B5C400B62745 /* MainStoryboard.storyboard in Resources */ = {isa = PBXBuildFile; fileRef = 398ABCE114B6B5C400B62745 /* MainStoryboard.storyboard */; };
		398ABCE614B6B5C400B62745 /* HKMasterViewController.m in Sources */ = {isa = PBXBuildFile; fileRef = 398ABCE514B6B5C400B62745 /* HKMasterViewController.m */; };
		398ABCE914B6B5C400B62745 /* HKDetailViewController.m in Sources */ = {isa = PBXBuildFile; fileRef = 398ABCE814B6B5C400B62745 /* HKDetailViewController.m */; };
/* End PBXBuildFile section */

/* Begin PBXFileReference section */
		398ABCCB14B6B5C400B62745 /* OffsetSlider.app */ = {isa = PBXFileReference; explicitFileType = wrapper.application; includeInIndex = 0; path = OffsetSlider.app; sourceTree = BUILT_PRODUCTS_DIR; };
		398ABCCF14B6B5C400B62745 /* UIKit.framework */ = {isa = PBXFileReference; lastKnownFileType = wrapper.framework; name = UIKit.framework; path = System/Library/Frameworks/UIKit.framework; sourceTree = SDKROOT; };
		398ABCD114B6B5C400B62745 /* Foundation.framework */ = {isa = PBXFileReference; lastKnownFileType = wrapper.framework; name = Foundation.framework; path = System/Library/Frameworks/Foundation.framework; sourceTree = SDKROOT; };
		398ABCD314B6B5C400B62745 /* CoreGraphics.framework */ = {isa = PBXFileReference; lastKnownFileType = wrapper.framework; name = CoreGraphics.framework; path = System/Library/Frameworks/CoreGraphics.framework; sourceTree = SDKROOT; };
		398ABCD714B6B5C400B62745 /* OffsetSlider-Info.plist */ = {isa = PBXFileReference; lastKnownFileType = text.plist.xml; path = "OffsetSlider-Info.plist"; sourceTree = "<group>"; };
		398ABCD914B6B5C400B62745 /* en */ = {isa = PBXFileReference; lastKnownFileType = text.plist.strings; name = en; path = en.lproj/InfoPlist.strings; sourceTree = "<group>"; };
		398ABCDB14B6B5C400B62745 /* main.m */ = {isa = PBXFileReference; lastKnownFileType = sourcecode.c.objc; path = main.m; sourceTree = "<group>"; };
		398ABCDD14B6B5C400B62745 /* OffsetSlider-Prefix.pch */ = {isa = PBXFileReference; lastKnownFileType = sourcecode.c.h; path = "OffsetSlider-Prefix.pch"; sourceTree = "<group>"; };
		398ABCDE14B6B5C400B62745 /* HKAppDelegate.h */ = {isa = PBXFileReference; lastKnownFileType = sourcecode.c.h; path = HKAppDelegate.h; sourceTree = "<group>"; };
		398ABCDF14B6B5C400B62745 /* HKAppDelegate.m */ = {isa = PBXFileReference; lastKnownFileType = sourcecode.c.objc; path = HKAppDelegate.m; sourceTree = "<group>"; };
		398ABCE214B6B5C400B62745 /* en */ = {isa = PBXFileReference; lastKnownFileType = file.storyboard; name = en; path = en.lproj/MainStoryboard.storyboard; sourceTree = "<group>"; };
		398ABCE414B6B5C400B62745 /* HKMasterViewController.h */ = {isa = PBXFileReference; lastKnownFileType = sourcecode.c.h; path = HKMasterViewController.h; sourceTree = "<group>"; };
		398ABCE514B6B5C400B62745 /* HKMasterViewController.m */ = {isa = PBXFileReference; lastKnownFileType = sourcecode.c.objc; path = HKMasterViewController.m; sourceTree = "<group>"; };
		398ABCE714B6B5C400B62745 /* HKDetailViewController.h */ = {isa = PBXFileReference; lastKnownFileType = sourcecode.c.h; path = HKDetailViewController.h; sourceTree = "<group>"; };
		398ABCE814B6B5C400B62745 /* HKDetailViewController.m */ = {isa = PBXFileReference; lastKnownFileType = sourcecode.c.objc; path = HKDetailViewController.m; sourceTree = "<group>"; };
/* End PBXFileReference section */

/* Begin PBXFrameworksBuildPhase section */
		398ABCC814B6B5C400B62745 /* Frameworks */ = {
			isa = PBXFrameworksBuildPhase;
			buildActionMask = 2147483647;
			files = (
				398ABCD014B6B5C400B62745 /* UIKit.framework in Frameworks */,
				398ABCD214B6B5C400B62745 /* Foundation.framework in Frameworks */,
				398ABCD414B6B5C400B62745 /* CoreGraphics.framework in Frameworks */,
			);
			runOnlyForDeploymentPostprocessing = 0;
		};
/* End PBXFrameworksBuildPhase section */

/* Begin PBXGroup section */
		398ABCC014B6B5C400B62745 = {
			isa = PBXGroup;
			children = (
				398ABCD514B6B5C400B62745 /* OffsetSlider */,
				398ABCCE14B6B5C400B62745 /* Frameworks */,
				398ABCCC14B6B5C400B62745 /* Products */,
			);
			sourceTree = "<group>";
		};
		398ABCCC14B6B5C400B62745 /* Products */ = {
			isa = PBXGroup;
			children = (
				398ABCCB14B6B5C400B62745 /* OffsetSlider.app */,
			);
			name = Products;
			sourceTree = "<group>";
		};
		398ABCCE14B6B5C400B62745 /* Frameworks */ = {
			isa = PBXGroup;
			children = (
				398ABCCF14B6B5C400B62745 /* UIKit.framework */,
				398ABCD114B6B5C400B62745 /* Foundation.framework */,
				398ABCD314B6B5C400B62745 /* CoreGraphics.framework */,
			);
			name = Frameworks;
			sourceTree = "<group>";
		};
		398ABCD514B6B5C400B62745 /* OffsetSlider */ = {
			isa = PBXGroup;
			children = (
				398ABCDE14B6B5C400B62745 /* HKAppDelegate.h */,
				398ABCDF14B6B5C400B62745 /* HKAppDelegate.m */,
				398ABCE114B6B5C400B62745 /* MainStoryboard.storyboard */,
				398ABCE414B6B5C400B62745 /* HKMasterViewController.h */,
				398ABCE514B6B5C400B62745 /* HKMasterViewController.m */,
				398ABCE714B6B5C400B62745 /* HKDetailViewController.h */,
				398ABCE814B6B5C400B62745 /* HKDetailViewController.m */,
				398ABCD614B6B5C400B62745 /* Supporting Files */,
			);
			path = OffsetSlider;
			sourceTree = "<group>";
		};
		398ABCD614B6B5C400B62745 /* Supporting Files */ = {
			isa = PBXGroup;
			children = (
				398ABCD714B6B5C400B62745 /* OffsetSlider-Info.plist */,
				398ABCD814B6B5C400B62745 /* InfoPlist.strings */,
				398ABCDB14B6B5C400B62745 /* main.m */,
				398ABCDD14B6B5C400B62745 /* OffsetSlider-Prefix.pch */,
			);
			name = "Supporting Files";
			sourceTree = "<group>";
		};
/* End PBXGroup section */

/* Begin PBXNativeTarget section */
		398ABCCA14B6B5C400B62745 /* OffsetSlider */ = {
			isa = PBXNativeTarget;
			buildConfigurationList = 398ABCEC14B6B5C400B62745 /* Build configuration list for PBXNativeTarget "OffsetSlider" */;
			buildPhases = (
				398ABCC714B6B5C400B62745 /* Sources */,
				398ABCC814B6B5C400B62745 /* Frameworks */,
				398ABCC914B6B5C400B62745 /* Resources */,
			);
			buildRules = (
			);
			dependencies = (
			);
			name = OffsetSlider;
			productName = OffsetSlider;
			productReference = 398ABCCB14B6B5C400B62745 /* OffsetSlider.app */;
			productType = "com.apple.product-type.application";
		};
/* End PBXNativeTarget section */

/* Begin PBXProject section */
		398ABCC214B6B5C400B62745 /* Project object */ = {
			isa = PBXProject;
			attributes = {
				LastUpgradeCheck = 0420;
				ORGANIZATIONNAME = vaughn;
			};
			buildConfigurationList = 398ABCC514B6B5C400B62745 /* Build configuration list for PBXProject "OffsetSlider" */;
			compatibilityVersion = "Xcode 3.2";
			developmentRegion = English;
			hasScannedForEncodings = 0;
			knownRegions = (
				en,
			);
			mainGroup = 398ABCC014B6B5C400B62745;
			productRefGroup = 398ABCCC14B6B5C400B62745 /* Products */;
			projectDirPath = "";
			projectRoot = "";
			targets = (
				398ABCCA14B6B5C400B62745 /* OffsetSlider */,
			);
		};
/* End PBXProject section */

/* Begin PBXResourcesBuildPhase section */
		398ABCC914B6B5C400B62745 /* Resources */ = {
			isa = PBXResourcesBuildPhase;
			buildActionMask = 2147483647;
			files = (
				398ABCDA14B6B5C400B62745 /* InfoPlist.strings in Resources */,
				398ABCE314B6B5C400B62745 /* MainStoryboard.storyboard in Resources */,
			);
			runOnlyForDeploymentPostprocessing = 0;
		};
/* End PBXResourcesBuildPhase section */

/* Begin PBXSourcesBuildPhase section */
		398ABCC714B6B5C400B62745 /* Sources */ = {
			isa = PBXSourcesBuildPhase;
			buildActionMask = 2147483647;
			files = (
				398ABCDC14B6B5C400B62745 /* main.m in Sources */,
				398ABCE014B6B5C400B62745 /* HKAppDelegate.m in Sources */,
				398ABCE614B6B5C400B62745 /* HKMasterViewController.m in Sources */,
				398ABCE914B6B5C400B62745 /* HKDetailViewController.m in Sources */,
			);
			runOnlyForDeploymentPostprocessing = 0;
		};
/* End PBXSourcesBuildPhase section */

/* Begin PBXVariantGroup section */
		398ABCD814B6B5C400B62745 /* InfoPlist.strings */ = {
			isa = PBXVariantGroup;
			children = (
				398ABCD914B6B5C400B62745 /* en */,
			);
			name = InfoPlist.strings;
			sourceTree = "<group>";
		};
		398ABCE114B6B5C400B62745 /* MainStoryboard.storyboard */ = {
			isa = PBXVariantGroup;
			children = (
				398ABCE214B6B5C400B62745 /* en */,
			);
			name = MainStoryboard.storyboard;
			sourceTree = "<group>";
		};
/* End PBXVariantGroup section */

/* Begin XCBuildConfiguration section */
		398ABCEA14B6B5C400B62745 /* Debug */ = {
			isa = XCBuildConfiguration;
			buildSettings = {
				ALWAYS_SEARCH_USER_PATHS = NO;
				ARCHS = "$(ARCHS_STANDARD_32_BIT)";
				CLANG_ENABLE_OBJC_ARC = YES;
				"CODE_SIGN_IDENTITY[sdk=iphoneos*]" = "iPhone Developer";
				COPY_PHASE_STRIP = NO;
				GCC_C_LANGUAGE_STANDARD = gnu99;
				GCC_DYNAMIC_NO_PIC = NO;
				GCC_OPTIMIZATION_LEVEL = 0;
				GCC_PREPROCESSOR_DEFINITIONS = (
					"DEBUG=1",
					"$(inherited)",
				);
				GCC_SYMBOLS_PRIVATE_EXTERN = NO;
				GCC_VERSION = com.apple.compilers.llvm.clang.1_0;
				GCC_WARN_ABOUT_MISSING_PROTOTYPES = YES;
				GCC_WARN_ABOUT_RETURN_TYPE = YES;
				GCC_WARN_UNUSED_VARIABLE = YES;
				IPHONEOS_DEPLOYMENT_TARGET = 5.0;
				SDKROOT = iphoneos;
			};
			name = Debug;
		};
		398ABCEB14B6B5C400B62745 /* Release */ = {
			isa = XCBuildConfiguration;
			buildSettings = {
				ALWAYS_SEARCH_USER_PATHS = NO;
				ARCHS = "$(ARCHS_STANDARD_32_BIT)";
				CLANG_ENABLE_OBJC_ARC = YES;
				"CODE_SIGN_IDENTITY[sdk=iphoneos*]" = "iPhone Developer";
				COPY_PHASE_STRIP = YES;
				GCC_C_LANGUAGE_STANDARD = gnu99;
				GCC_VERSION = com.apple.compilers.llvm.clang.1_0;
				GCC_WARN_ABOUT_MISSING_PROTOTYPES = YES;
				GCC_WARN_ABOUT_RETURN_TYPE = YES;
				GCC_WARN_UNUSED_VARIABLE = YES;
				IPHONEOS_DEPLOYMENT_TARGET = 5.0;
				OTHER_CFLAGS = "-DNS_BLOCK_ASSERTIONS=1";
				SDKROOT = iphoneos;
				VALIDATE_PRODUCT = YES;
			};
			name = Release;
		};
		398ABCED14B6B5C400B62745 /* Debug */ = {
			isa = XCBuildConfiguration;
			buildSettings = {
				GCC_PRECOMPILE_PREFIX_HEADER = YES;
				GCC_PREFIX_HEADER = "OffsetSlider/OffsetSlider-Prefix.pch";
				INFOPLIST_FILE = "OffsetSlider/OffsetSlider-Info.plist";
				PRODUCT_NAME = "$(TARGET_NAME)";
				WRAPPER_EXTENSION = app;
			};
			name = Debug;
		};
		398ABCEE14B6B5C400B62745 /* Release */ = {
			isa = XCBuildConfiguration;
			buildSettings = {
				GCC_PRECOMPILE_PREFIX_HEADER = YES;
				GCC_PREFIX_HEADER = "OffsetSlider/OffsetSlider-Prefix.pch";
				INFOPLIST_FILE = "OffsetSlider/OffsetSlider-Info.plist";
				PRODUCT_NAME = "$(TARGET_NAME)";
				WRAPPER_EXTENSION = app;
			};
			name = Release;
		};
/* End XCBuildConfiguration section */

/* Begin XCConfigurationList section */
		398ABCC514B6B5C400B62745 /* Build configuration list for PBXProject "OffsetSlider" */ = {
			isa = XCConfigurationList;
			buildConfigurations = (
				398ABCEA14B6B5C400B62745 /* Debug */,
				398ABCEB14B6B5C400B62745 /* Release */,
			);
			defaultConfigurationIsVisible = 0;
			defaultConfigurationName = Release;
		};
		398ABCEC14B6B5C400B62745 /* Build configuration list for PBXNativeTarget "OffsetSlider" */ = {
			isa = XCConfigurationList;
			buildConfigurations = (
				398ABCED14B6B5C400B62745 /* Debug */,
				398ABCEE14B6B5C400B62745 /* Release */,
			);
			defaultConfigurationIsVisible = 0;
		};
/* End XCConfigurationList section */
	};
	rootObject = 398ABCC214B6B5C400B62745 /* Project object */;
}
